
Microsoft Visual Studio Solution File, Format Version 12.00
# Visual Studio 15
VisualStudioVersion = 15.0.28307.902
MinimumVisualStudioVersion = 10.0.40219.1
Project("{8BC9CEB8-8B4A-11D0-8D11-00A0C91BC942}") = "Calculator", "Calculator\Calculator.vcxproj", "{01E0CDCB-F914-449A-9258-5986D2A50D09}"
EndProject
Global
	GlobalSection(SolutionConfigurationPlatforms) = preSolution
		Debug|x64 = Debug|x64
		Debug|x86 = Debug|x86
		Release|x64 = Release|x64
		Release|x86 = Release|x86
	EndGlobalSection
	GlobalSection(ProjectConfigurationPlatforms) = postSolution
		{01E0CDCB-F914-449A-9258-5986D2A50D09}.Debug|x64.ActiveCfg = Debug|x64
		{01E0CDCB-F914-449A-9258-5986D2A50D09}.Debug|x64.Build.0 = Debug|x64
		{01E0CDCB-F914-449A-9258-5986D2A50D09}.Debug|x86.ActiveCfg = Debug|Win32
		{01E0CDCB-F914-449A-9258-5986D2A50D09}.Debug|x86.Build.0 = Debug|Win32
		{01E0CDCB-F914-449A-9258-5986D2A50D09}.Release|x64.ActiveCfg = Release|x64
		{01E0CDCB-F914-449A-9258-5986D2A50D09}.Release|x64.Build.0 = Release|x64
		{01E0CDCB-F914-449A-9258-5986D2A50D09}.Release|x86.ActiveCfg = Release|Win32
		{01E0CDCB-F914-449A-9258-5986D2A50D09}.Release|x86.Build.0 = Release|Win32
	EndGlobalSection
	GlobalSection(SolutionProperties) = preSolution
		HideSolutionNode = FALSE
	EndGlobalSection
	GlobalSection(ExtensibilityGlobals) = postSolution
		SolutionGuid = {CA63FE05-1DB9-421A-9A12-5CB084CB5B39}
	EndGlobalSection
EndGlobal
